
Microsoft Visual Studio Solution File, Format Version 12.00
# Visual Studio Version 17
VisualStudioVersion = 17.11.35312.102
MinimumVisualStudioVersion = 10.0.40219.1
Project("{FAE04EC0-301F-11D3-BF4B-00C04F79EFBC}") = "MyFirstApp", "MyFirstApp\MyFirstApp.csproj", "{AA8C516D-2622-4ABA-B8EC-3DE4B86F5AC4}"
EndProject
Global
	GlobalSection(SolutionConfigurationPlatforms) = preSolution
		Debug|Any CPU = Debug|Any CPU
		Release|Any CPU = Release|Any CPU
	EndGlobalSection
	GlobalSection(ProjectConfigurationPlatforms) = postSolution
		{AA8C516D-2622-4ABA-B8EC-3DE4B86F5AC4}.Debug|Any CPU.ActiveCfg = Debug|Any CPU
		{AA8C516D-2622-4ABA-B8EC-3DE4B86F5AC4}.Debug|Any CPU.Build.0 = Debug|Any CPU
		{AA8C516D-2622-4ABA-B8EC-3DE4B86F5AC4}.Release|Any CPU.ActiveCfg = Release|Any CPU
		{AA8C516D-2622-4ABA-B8EC-3DE4B86F5AC4}.Release|Any CPU.Build.0 = Release|Any CPU
	EndGlobalSection
	GlobalSection(SolutionProperties) = preSolution
		HideSolutionNode = FALSE
	EndGlobalSection
	GlobalSection(ExtensibilityGlobals) = postSolution
		SolutionGuid = {58A784DB-EBA1-4D61-8CF8-A39EE355FEDF}
	EndGlobalSection
EndGlobal
